// !$*UTF8*$!
{
	archiveVersion = 1;
	classes = {
	};
	objectVersion = 46;
	objects = {

/* Begin PBXBuildFile section */
		1B0151CF1831BDA900CF9F08 /* Foundation.framework in Frameworks */ = {isa = PBXBuildFile; fileRef = 1B0151CE1831BDA900CF9F08 /* Foundation.framework */; };
		1B0151D11831BDA900CF9F08 /* CoreGraphics.framework in Frameworks */ = {isa = PBXBuildFile; fileRef = 1B0151D01831BDA900CF9F08 /* CoreGraphics.framework */; };
		1B0151D31831BDA900CF9F08 /* UIKit.framework in Frameworks */ = {isa = PBXBuildFile; fileRef = 1B0151D21831BDA900CF9F08 /* UIKit.framework */; };
		1B0151D91831BDA900CF9F08 /* InfoPlist.strings in Resources */ = {isa = PBXBuildFile; fileRef = 1B0151D71831BDA900CF9F08 /* InfoPlist.strings */; };
		1B0151DB1831BDA900CF9F08 /* main.m in Sources */ = {isa = PBXBuildFile; fileRef = 1B0151DA1831BDA900CF9F08 /* main.m */; };
		1B0151DF1831BDA900CF9F08 /* SYHAppDelegate.m in Sources */ = {isa = PBXBuildFile; fileRef = 1B0151DE1831BDA900CF9F08 /* SYHAppDelegate.m */; };
		1B0151E21831BDA900CF9F08 /* Main.storyboard in Resources */ = {isa = PBXBuildFile; fileRef = 1B0151E01831BDA900CF9F08 /* Main.storyboard */; };
		1B0151E51831BDA900CF9F08 /* SYHMealsViewController.m in Sources */ = {isa = PBXBuildFile; fileRef = 1B0151E41831BDA900CF9F08 /* SYHMealsViewController.m */; };
		1B0151EA1831BDAA00CF9F08 /* Images.xcassets in Resources */ = {isa = PBXBuildFile; fileRef = 1B0151E91831BDAA00CF9F08 /* Images.xcassets */; };
		1B0151F11831BDAA00CF9F08 /* XCTest.framework in Frameworks */ = {isa = PBXBuildFile; fileRef = 1B0151F01831BDAA00CF9F08 /* XCTest.framework */; };
		1B0151F21831BDAA00CF9F08 /* Foundation.framework in Frameworks */ = {isa = PBXBuildFile; fileRef = 1B0151CE1831BDA900CF9F08 /* Foundation.framework */; };
		1B0151F31831BDAA00CF9F08 /* UIKit.framework in Frameworks */ = {isa = PBXBuildFile; fileRef = 1B0151D21831BDA900CF9F08 /* UIKit.framework */; };
		1B0151FB1831BDAA00CF9F08 /* InfoPlist.strings in Resources */ = {isa = PBXBuildFile; fileRef = 1B0151F91831BDAA00CF9F08 /* InfoPlist.strings */; };
		1B0151FD1831BDAA00CF9F08 /* HealthTrackerTests.m in Sources */ = {isa = PBXBuildFile; fileRef = 1B0151FC1831BDAA00CF9F08 /* HealthTrackerTests.m */; };
		CE4996C0183B216A0011CB6A /* MealModel.xcdatamodeld in Sources */ = {isa = PBXBuildFile; fileRef = CE4996BE183B216A0011CB6A /* MealModel.xcdatamodeld */; };
		CE4996C9183B32500011CB6A /* SYHMealsTableViewController.m in Sources */ = {isa = PBXBuildFile; fileRef = CE4996C8183B32500011CB6A /* SYHMealsTableViewController.m */; };
		CE4F112F185BA75F00E08D01 /* SYHSleepViewController.m in Sources */ = {isa = PBXBuildFile; fileRef = CE4F112E185BA75F00E08D01 /* SYHSleepViewController.m */; };
		CE4F1132185BA8EE00E08D01 /* SYHSleepManager.m in Sources */ = {isa = PBXBuildFile; fileRef = CE4F1131185BA8EE00E08D01 /* SYHSleepManager.m */; };
		CE4F1135185BB1A700E08D01 /* SYHSleepTableViewController.m in Sources */ = {isa = PBXBuildFile; fileRef = CE4F1134185BB1A700E08D01 /* SYHSleepTableViewController.m */; };
		CE4F1138185BB49A00E08D01 /* SYHSleepObject.m in Sources */ = {isa = PBXBuildFile; fileRef = CE4F1137185BB49A00E08D01 /* SYHSleepObject.m */; };
		CE4F113B185BB58F00E08D01 /* SleepModel.xcdatamodeld in Sources */ = {isa = PBXBuildFile; fileRef = CE4F1139185BB58F00E08D01 /* SleepModel.xcdatamodeld */; };
		CE4F113E185BB5BB00E08D01 /* Sleeps.m in Sources */ = {isa = PBXBuildFile; fileRef = CE4F113D185BB5BB00E08D01 /* Sleeps.m */; };
		CE6BC4271842FD64000F4918 /* Meals.m in Sources */ = {isa = PBXBuildFile; fileRef = CE6BC4261842FD64000F4918 /* Meals.m */; };
		CE6BC45318431567000F4918 /* QuartzCore.framework in Frameworks */ = {isa = PBXBuildFile; fileRef = CE6BC45218431567000F4918 /* QuartzCore.framework */; };
		CE6BC4F8184318D0000F4918 /* Accelerate.framework in Frameworks */ = {isa = PBXBuildFile; fileRef = CE6BC4F7184318D0000F4918 /* Accelerate.framework */; };
		CE6BCA1C18431964000F4918 /* libCorePlot-CocoaTouch.a in Frameworks */ = {isa = PBXBuildFile; fileRef = CE6BCA1B18431964000F4918 /* libCorePlot-CocoaTouch.a */; };
		CE79C803184962D10040B670 /* SYHMealsGraphViewController.m in Sources */ = {isa = PBXBuildFile; fileRef = CE79C802184962D10040B670 /* SYHMealsGraphViewController.m */; };
		CE9EA0D81831C606004177BE /* SYHNewMealController.m in Sources */ = {isa = PBXBuildFile; fileRef = CE9EA0D71831C606004177BE /* SYHNewMealController.m */; };
		CE9EA0DB1831C9F8004177BE /* SYHMealObject.m in Sources */ = {isa = PBXBuildFile; fileRef = CE9EA0DA1831C9F8004177BE /* SYHMealObject.m */; };
		CE9EA0DE1831D2DD004177BE /* SYHDataManager.m in Sources */ = {isa = PBXBuildFile; fileRef = CE9EA0DD1831D2DD004177BE /* SYHDataManager.m */; };
		CE9EA0E01831D5A6004177BE /* CoreData.framework in Frameworks */ = {isa = PBXBuildFile; fileRef = CE9EA0DF1831D5A6004177BE /* CoreData.framework */; };
/* End PBXBuildFile section */

/* Begin PBXContainerItemProxy section */
		1B0151F41831BDAA00CF9F08 /* PBXContainerItemProxy */ = {
			isa = PBXContainerItemProxy;
			containerPortal = 1B0151C31831BDA900CF9F08 /* Project object */;
			proxyType = 1;
			remoteGlobalIDString = 1B0151CA1831BDA900CF9F08;
			remoteInfo = HealthTracker;
		};
/* End PBXContainerItemProxy section */

/* Begin PBXFileReference section */
		1B0151CB1831BDA900CF9F08 /* HealthTracker.app */ = {isa = PBXFileReference; explicitFileType = wrapper.application; includeInIndex = 0; path = HealthTracker.app; sourceTree = BUILT_PRODUCTS_DIR; };
		1B0151CE1831BDA900CF9F08 /* Foundation.framework */ = {isa = PBXFileReference; lastKnownFileType = wrapper.framework; name = Foundation.framework; path = System/Library/Frameworks/Foundation.framework; sourceTree = SDKROOT; };
		1B0151D01831BDA900CF9F08 /* CoreGraphics.framework */ = {isa = PBXFileReference; lastKnownFileType = wrapper.framework; name = CoreGraphics.framework; path = System/Library/Frameworks/CoreGraphics.framework; sourceTree = SDKROOT; };
		1B0151D21831BDA900CF9F08 /* UIKit.framework */ = {isa = PBXFileReference; lastKnownFileType = wrapper.framework; name = UIKit.framework; path = System/Library/Frameworks/UIKit.framework; sourceTree = SDKROOT; };
		1B0151D61831BDA900CF9F08 /* HealthTracker-Info.plist */ = {isa = PBXFileReference; lastKnownFileType = text.plist.xml; path = "HealthTracker-Info.plist"; sourceTree = "<group>"; };
		1B0151D81831BDA900CF9F08 /* en */ = {isa = PBXFileReference; lastKnownFileType = text.plist.strings; name = en; path = en.lproj/InfoPlist.strings; sourceTree = "<group>"; };
		1B0151DA1831BDA900CF9F08 /* main.m */ = {isa = PBXFileReference; lastKnownFileType = sourcecode.c.objc; path = main.m; sourceTree = "<group>"; };
		1B0151DC1831BDA900CF9F08 /* HealthTracker-Prefix.pch */ = {isa = PBXFileReference; lastKnownFileType = sourcecode.c.h; path = "HealthTracker-Prefix.pch"; sourceTree = "<group>"; };
		1B0151DD1831BDA900CF9F08 /* SYHAppDelegate.h */ = {isa = PBXFileReference; lastKnownFileType = sourcecode.c.h; path = SYHAppDelegate.h; sourceTree = "<group>"; };
		1B0151DE1831BDA900CF9F08 /* SYHAppDelegate.m */ = {isa = PBXFileReference; lastKnownFileType = sourcecode.c.objc; path = SYHAppDelegate.m; sourceTree = "<group>"; };
		1B0151E11831BDA900CF9F08 /* Base */ = {isa = PBXFileReference; lastKnownFileType = file.storyboard; name = Base; path = Base.lproj/Main.storyboard; sourceTree = "<group>"; };
		1B0151E31831BDA900CF9F08 /* SYHMealsViewController.h */ = {isa = PBXFileReference; lastKnownFileType = sourcecode.c.h; path = SYHMealsViewController.h; sourceTree = "<group>"; };
		1B0151E41831BDA900CF9F08 /* SYHMealsViewController.m */ = {isa = PBXFileReference; lastKnownFileType = sourcecode.c.objc; path = SYHMealsViewController.m; sourceTree = "<group>"; };
		1B0151E91831BDAA00CF9F08 /* Images.xcassets */ = {isa = PBXFileReference; lastKnownFileType = folder.assetcatalog; path = Images.xcassets; sourceTree = "<group>"; };
		1B0151EF1831BDAA00CF9F08 /* HealthTrackerTests.xctest */ = {isa = PBXFileReference; explicitFileType = wrapper.cfbundle; includeInIndex = 0; path = HealthTrackerTests.xctest; sourceTree = BUILT_PRODUCTS_DIR; };
		1B0151F01831BDAA00CF9F08 /* XCTest.framework */ = {isa = PBXFileReference; lastKnownFileType = wrapper.framework; name = XCTest.framework; path = Library/Frameworks/XCTest.framework; sourceTree = DEVELOPER_DIR; };
		1B0151F81831BDAA00CF9F08 /* HealthTrackerTests-Info.plist */ = {isa = PBXFileReference; lastKnownFileType = text.plist.xml; path = "HealthTrackerTests-Info.plist"; sourceTree = "<group>"; };
		1B0151FA1831BDAA00CF9F08 /* en */ = {isa = PBXFileReference; lastKnownFileType = text.plist.strings; name = en; path = en.lproj/InfoPlist.strings; sourceTree = "<group>"; };
		1B0151FC1831BDAA00CF9F08 /* HealthTrackerTests.m */ = {isa = PBXFileReference; lastKnownFileType = sourcecode.c.objc; path = HealthTrackerTests.m; sourceTree = "<group>"; };
		CE4996BA183B1A320011CB6A /* SYHMealType.h */ = {isa = PBXFileReference; fileEncoding = 4; lastKnownFileType = sourcecode.c.h; path = SYHMealType.h; sourceTree = "<group>"; };
		CE4996BF183B216A0011CB6A /* MealModel.xcdatamodel */ = {isa = PBXFileReference; explicitFileType = wrapper.xcdatamodel; path = MealModel.xcdatamodel; sourceTree = "<group>"; };
		CE4996C7183B32500011CB6A /* SYHMealsTableViewController.h */ = {isa = PBXFileReference; fileEncoding = 4; lastKnownFileType = sourcecode.c.h; path = SYHMealsTableViewController.h; sourceTree = "<group>"; };
		CE4996C8183B32500011CB6A /* SYHMealsTableViewController.m */ = {isa = PBXFileReference; fileEncoding = 4; lastKnownFileType = sourcecode.c.objc; path = SYHMealsTableViewController.m; sourceTree = "<group>"; };
		CE4F112D185BA75E00E08D01 /* SYHSleepViewController.h */ = {isa = PBXFileReference; fileEncoding = 4; lastKnownFileType = sourcecode.c.h; path = SYHSleepViewController.h; sourceTree = "<group>"; };
		CE4F112E185BA75F00E08D01 /* SYHSleepViewController.m */ = {isa = PBXFileReference; fileEncoding = 4; lastKnownFileType = sourcecode.c.objc; path = SYHSleepViewController.m; sourceTree = "<group>"; };
		CE4F1130185BA8EE00E08D01 /* SYHSleepManager.h */ = {isa = PBXFileReference; fileEncoding = 4; lastKnownFileType = sourcecode.c.h; path = SYHSleepManager.h; sourceTree = "<group>"; };
		CE4F1131185BA8EE00E08D01 /* SYHSleepManager.m */ = {isa = PBXFileReference; fileEncoding = 4; lastKnownFileType = sourcecode.c.objc; path = SYHSleepManager.m; sourceTree = "<group>"; };
		CE4F1133185BB1A700E08D01 /* SYHSleepTableViewController.h */ = {isa = PBXFileReference; fileEncoding = 4; lastKnownFileType = sourcecode.c.h; path = SYHSleepTableViewController.h; sourceTree = "<group>"; };
		CE4F1134185BB1A700E08D01 /* SYHSleepTableViewController.m */ = {isa = PBXFileReference; fileEncoding = 4; lastKnownFileType = sourcecode.c.objc; path = SYHSleepTableViewController.m; sourceTree = "<group>"; };
		CE4F1136185BB49A00E08D01 /* SYHSleepObject.h */ = {isa = PBXFileReference; fileEncoding = 4; lastKnownFileType = sourcecode.c.h; path = SYHSleepObject.h; sourceTree = "<group>"; };
		CE4F1137185BB49A00E08D01 /* SYHSleepObject.m */ = {isa = PBXFileReference; fileEncoding = 4; lastKnownFileType = sourcecode.c.objc; path = SYHSleepObject.m; sourceTree = "<group>"; };
		CE4F113A185BB58F00E08D01 /* SleepModel.xcdatamodel */ = {isa = PBXFileReference; lastKnownFileType = wrapper.xcdatamodel; path = SleepModel.xcdatamodel; sourceTree = "<group>"; };
		CE4F113C185BB5BB00E08D01 /* Sleeps.h */ = {isa = PBXFileReference; fileEncoding = 4; lastKnownFileType = sourcecode.c.h; path = Sleeps.h; sourceTree = "<group>"; };
		CE4F113D185BB5BB00E08D01 /* Sleeps.m */ = {isa = PBXFileReference; fileEncoding = 4; lastKnownFileType = sourcecode.c.objc; path = Sleeps.m; sourceTree = "<group>"; };
		CE6BC4251842FD64000F4918 /* Meals.h */ = {isa = PBXFileReference; fileEncoding = 4; lastKnownFileType = sourcecode.c.h; path = Meals.h; sourceTree = "<group>"; };
		CE6BC4261842FD64000F4918 /* Meals.m */ = {isa = PBXFileReference; fileEncoding = 4; lastKnownFileType = sourcecode.c.objc; path = Meals.m; sourceTree = "<group>"; };
		CE6BC45018431433000F4918 /* libCorePlot-CocoaTouch.a */ = {isa = PBXFileReference; lastKnownFileType = archive.ar; name = "libCorePlot-CocoaTouch.a"; path = "../../Downloads/CorePlot_1.4/Binaries/iOS/libCorePlot-CocoaTouch.a"; sourceTree = "<group>"; };
		CE6BC45218431567000F4918 /* QuartzCore.framework */ = {isa = PBXFileReference; lastKnownFileType = wrapper.framework; name = QuartzCore.framework; path = System/Library/Frameworks/QuartzCore.framework; sourceTree = SDKROOT; };
		CE6BC4F7184318D0000F4918 /* Accelerate.framework */ = {isa = PBXFileReference; lastKnownFileType = wrapper.framework; name = Accelerate.framework; path = System/Library/Frameworks/Accelerate.framework; sourceTree = SDKROOT; };
		CE6BC9CD18431964000F4918 /* CorePlot-CocoaTouch.h */ = {isa = PBXFileReference; fileEncoding = 4; lastKnownFileType = sourcecode.c.h; path = "CorePlot-CocoaTouch.h"; sourceTree = "<group>"; };
		CE6BC9CE18431964000F4918 /* CPTAnimation.h */ = {isa = PBXFileReference; fileEncoding = 4; lastKnownFileType = sourcecode.c.h; path = CPTAnimation.h; sourceTree = "<group>"; };
		CE6BC9CF18431964000F4918 /* CPTAnimationOperation.h */ = {isa = PBXFileReference; fileEncoding = 4; lastKnownFileType = sourcecode.c.h; path = CPTAnimationOperation.h; sourceTree = "<group>"; };
		CE6BC9D018431964000F4918 /* CPTAnimationPeriod.h */ = {isa = PBXFileReference; fileEncoding = 4; lastKnownFileType = sourcecode.c.h; path = CPTAnimationPeriod.h; sourceTree = "<group>"; };
		CE6BC9D118431964000F4918 /* CPTAnnotation.h */ = {isa = PBXFileReference; fileEncoding = 4; lastKnownFileType = sourcecode.c.h; path = CPTAnnotation.h; sourceTree = "<group>"; };
		CE6BC9D218431964000F4918 /* CPTAnnotationHostLayer.h */ = {isa = PBXFileReference; fileEncoding = 4; lastKnownFileType = sourcecode.c.h; path = CPTAnnotationHostLayer.h; sourceTree = "<group>"; };
		CE6BC9D318431964000F4918 /* CPTAxis.h */ = {isa = PBXFileReference; fileEncoding = 4; lastKnownFileType = sourcecode.c.h; path = CPTAxis.h; sourceTree = "<group>"; };
		CE6BC9D418431964000F4918 /* CPTAxisLabel.h */ = {isa = PBXFileReference; fileEncoding = 4; lastKnownFileType = sourcecode.c.h; path = CPTAxisLabel.h; sourceTree = "<group>"; };
		CE6BC9D518431964000F4918 /* CPTAxisLabelGroup.h */ = {isa = PBXFileReference; fileEncoding = 4; lastKnownFileType = sourcecode.c.h; path = CPTAxisLabelGroup.h; sourceTree = "<group>"; };
		CE6BC9D618431964000F4918 /* CPTAxisSet.h */ = {isa = PBXFileReference; fileEncoding = 4; lastKnownFileType = sourcecode.c.h; path = CPTAxisSet.h; sourceTree = "<group>"; };
		CE6BC9D718431964000F4918 /* CPTAxisTitle.h */ = {isa = PBXFileReference; fileEncoding = 4; lastKnownFileType = sourcecode.c.h; path = CPTAxisTitle.h; sourceTree = "<group>"; };
		CE6BC9D818431964000F4918 /* CPTBarPlot.h */ = {isa = PBXFileReference; fileEncoding = 4; lastKnownFileType = sourcecode.c.h; path = CPTBarPlot.h; sourceTree = "<group>"; };
		CE6BC9D918431964000F4918 /* CPTBorderedLayer.h */ = {isa = PBXFileReference; fileEncoding = 4; lastKnownFileType = sourcecode.c.h; path = CPTBorderedLayer.h; sourceTree = "<group>"; };
		CE6BC9DA18431964000F4918 /* CPTCalendarFormatter.h */ = {isa = PBXFileReference; fileEncoding = 4; lastKnownFileType = sourcecode.c.h; path = CPTCalendarFormatter.h; sourceTree = "<group>"; };
		CE6BC9DB18431964000F4918 /* CPTColor.h */ = {isa = PBXFileReference; fileEncoding = 4; lastKnownFileType = sourcecode.c.h; path = CPTColor.h; sourceTree = "<group>"; };
		CE6BC9DC18431964000F4918 /* CPTColorSpace.h */ = {isa = PBXFileReference; fileEncoding = 4; lastKnownFileType = sourcecode.c.h; path = CPTColorSpace.h; sourceTree = "<group>"; };
		CE6BC9DD18431964000F4918 /* CPTConstraints.h */ = {isa = PBXFileReference; fileEncoding = 4; lastKnownFileType = sourcecode.c.h; path = CPTConstraints.h; sourceTree = "<group>"; };
		CE6BC9DE18431964000F4918 /* CPTDataSourceTestCase.h */ = {isa = PBXFileReference; fileEncoding = 4; lastKnownFileType = sourcecode.c.h; path = CPTDataSourceTestCase.h; sourceTree = "<group>"; };
		CE6BC9DF18431964000F4918 /* CPTDefinitions.h */ = {isa = PBXFileReference; fileEncoding = 4; lastKnownFileType = sourcecode.c.h; path = CPTDefinitions.h; sourceTree = "<group>"; };
		CE6BC9E018431964000F4918 /* CPTDerivedXYGraph.h */ = {isa = PBXFileReference; fileEncoding = 4; lastKnownFileType = sourcecode.c.h; path = CPTDerivedXYGraph.h; sourceTree = "<group>"; };
		CE6BC9E118431964000F4918 /* CPTExceptions.h */ = {isa = PBXFileReference; fileEncoding = 4; lastKnownFileType = sourcecode.c.h; path = CPTExceptions.h; sourceTree = "<group>"; };
		CE6BC9E218431964000F4918 /* CPTFill.h */ = {isa = PBXFileReference; fileEncoding = 4; lastKnownFileType = sourcecode.c.h; path = CPTFill.h; sourceTree = "<group>"; };
		CE6BC9E318431964000F4918 /* CPTFunctionDataSource.h */ = {isa = PBXFileReference; fileEncoding = 4; lastKnownFileType = sourcecode.c.h; path = CPTFunctionDataSource.h; sourceTree = "<group>"; };
		CE6BC9E418431964000F4918 /* CPTGradient.h */ = {isa = PBXFileReference; fileEncoding = 4; lastKnownFileType = sourcecode.c.h; path = CPTGradient.h; sourceTree = "<group>"; };
		CE6BC9E518431964000F4918 /* CPTGraph.h */ = {isa = PBXFileReference; fileEncoding = 4; lastKnownFileType = sourcecode.c.h; path = CPTGraph.h; sourceTree = "<group>"; };
		CE6BC9E618431964000F4918 /* CPTGraphHostingView.h */ = {isa = PBXFileReference; fileEncoding = 4; lastKnownFileType = sourcecode.c.h; path = CPTGraphHostingView.h; sourceTree = "<group>"; };
		CE6BC9E718431964000F4918 /* CPTGridLineGroup.h */ = {isa = PBXFileReference; fileEncoding = 4; lastKnownFileType = sourcecode.c.h; path = CPTGridLineGroup.h; sourceTree = "<group>"; };
		CE6BC9E818431964000F4918 /* CPTGridLines.h */ = {isa = PBXFileReference; fileEncoding = 4; lastKnownFileType = sourcecode.c.h; path = CPTGridLines.h; sourceTree = "<group>"; };
		CE6BC9E918431964000F4918 /* CPTImage.h */ = {isa = PBXFileReference; fileEncoding = 4; lastKnownFileType = sourcecode.c.h; path = CPTImage.h; sourceTree = "<group>"; };
		CE6BC9EA18431964000F4918 /* CPTLayer.h */ = {isa = PBXFileReference; fileEncoding = 4; lastKnownFileType = sourcecode.c.h; path = CPTLayer.h; sourceTree = "<group>"; };
		CE6BC9EB18431964000F4918 /* CPTLayerAnnotation.h */ = {isa = PBXFileReference; fileEncoding = 4; lastKnownFileType = sourcecode.c.h; path = CPTLayerAnnotation.h; sourceTree = "<group>"; };
		CE6BC9EC18431964000F4918 /* CPTLegend.h */ = {isa = PBXFileReference; fileEncoding = 4; lastKnownFileType = sourcecode.c.h; path = CPTLegend.h; sourceTree = "<group>"; };
		CE6BC9ED18431964000F4918 /* CPTLegendEntry.h */ = {isa = PBXFileReference; fileEncoding = 4; lastKnownFileType = sourcecode.c.h; path = CPTLegendEntry.h; sourceTree = "<group>"; };
		CE6BC9EE18431964000F4918 /* CPTLimitBand.h */ = {isa = PBXFileReference; fileEncoding = 4; lastKnownFileType = sourcecode.c.h; path = CPTLimitBand.h; sourceTree = "<group>"; };
		CE6BC9EF18431964000F4918 /* CPTLineCap.h */ = {isa = PBXFileReference; fileEncoding = 4; lastKnownFileType = sourcecode.c.h; path = CPTLineCap.h; sourceTree = "<group>"; };
		CE6BC9F018431964000F4918 /* CPTLineStyle.h */ = {isa = PBXFileReference; fileEncoding = 4; lastKnownFileType = sourcecode.c.h; path = CPTLineStyle.h; sourceTree = "<group>"; };
		CE6BC9F118431964000F4918 /* CPTMutableLineStyle.h */ = {isa = PBXFileReference; fileEncoding = 4; lastKnownFileType = sourcecode.c.h; path = CPTMutableLineStyle.h; sourceTree = "<group>"; };
		CE6BC9F218431964000F4918 /* CPTMutableNumericData+TypeConversion.h */ = {isa = PBXFileReference; fileEncoding = 4; lastKnownFileType = sourcecode.c.h; path = "CPTMutableNumericData+TypeConversion.h"; sourceTree = "<group>"; };
		CE6BC9F318431964000F4918 /* CPTMutableNumericData.h */ = {isa = PBXFileReference; fileEncoding = 4; lastKnownFileType = sourcecode.c.h; path = CPTMutableNumericData.h; sourceTree = "<group>"; };
		CE6BC9F418431964000F4918 /* CPTMutablePlotRange.h */ = {isa = PBXFileReference; fileEncoding = 4; lastKnownFileType = sourcecode.c.h; path = CPTMutablePlotRange.h; sourceTree = "<group>"; };
		CE6BC9F518431964000F4918 /* CPTMutableShadow.h */ = {isa = PBXFileReference; fileEncoding = 4; lastKnownFileType = sourcecode.c.h; path = CPTMutableShadow.h; sourceTree = "<group>"; };
		CE6BC9F618431964000F4918 /* CPTMutableTextStyle.h */ = {isa = PBXFileReference; fileEncoding = 4; lastKnownFileType = sourcecode.c.h; path = CPTMutableTextStyle.h; sourceTree = "<group>"; };
		CE6BC9F718431964000F4918 /* CPTNumericData+TypeConversion.h */ = {isa = PBXFileReference; fileEncoding = 4; lastKnownFileType = sourcecode.c.h; path = "CPTNumericData+TypeConversion.h"; sourceTree = "<group>"; };
		CE6BC9F818431964000F4918 /* CPTNumericData.h */ = {isa = PBXFileReference; fileEncoding = 4; lastKnownFileType = sourcecode.c.h; path = CPTNumericData.h; sourceTree = "<group>"; };
		CE6BC9F918431964000F4918 /* CPTNumericDataType.h */ = {isa = PBXFileReference; fileEncoding = 4; lastKnownFileType = sourcecode.c.h; path = CPTNumericDataType.h; sourceTree = "<group>"; };
		CE6BC9FA18431964000F4918 /* CPTPathExtensions.h */ = {isa = PBXFileReference; fileEncoding = 4; lastKnownFileType = sourcecode.c.h; path = CPTPathExtensions.h; sourceTree = "<group>"; };
		CE6BC9FB18431964000F4918 /* CPTPieChart.h */ = {isa = PBXFileReference; fileEncoding = 4; lastKnownFileType = sourcecode.c.h; path = CPTPieChart.h; sourceTree = "<group>"; };
		CE6BC9FC18431964000F4918 /* CPTPlatformSpecificCategories.h */ = {isa = PBXFileReference; fileEncoding = 4; lastKnownFileType = sourcecode.c.h; path = CPTPlatformSpecificCategories.h; sourceTree = "<group>"; };
		CE6BC9FD18431964000F4918 /* CPTPlatformSpecificDefines.h */ = {isa = PBXFileReference; fileEncoding = 4; lastKnownFileType = sourcecode.c.h; path = CPTPlatformSpecificDefines.h; sourceTree = "<group>"; };
		CE6BC9FE18431964000F4918 /* CPTPlatformSpecificFunctions.h */ = {isa = PBXFileReference; fileEncoding = 4; lastKnownFileType = sourcecode.c.h; path = CPTPlatformSpecificFunctions.h; sourceTree = "<group>"; };
		CE6BC9FF18431964000F4918 /* CPTPlot.h */ = {isa = PBXFileReference; fileEncoding = 4; lastKnownFileType = sourcecode.c.h; path = CPTPlot.h; sourceTree = "<group>"; };
		CE6BCA0018431964000F4918 /* CPTPlotArea.h */ = {isa = PBXFileReference; fileEncoding = 4; lastKnownFileType = sourcecode.c.h; path = CPTPlotArea.h; sourceTree = "<group>"; };
		CE6BCA0118431964000F4918 /* CPTPlotAreaFrame.h */ = {isa = PBXFileReference; fileEncoding = 4; lastKnownFileType = sourcecode.c.h; path = CPTPlotAreaFrame.h; sourceTree = "<group>"; };
		CE6BCA0218431964000F4918 /* CPTPlotGroup.h */ = {isa = PBXFileReference; fileEncoding = 4; lastKnownFileType = sourcecode.c.h; path = CPTPlotGroup.h; sourceTree = "<group>"; };
		CE6BCA0318431964000F4918 /* CPTPlotRange.h */ = {isa = PBXFileReference; fileEncoding = 4; lastKnownFileType = sourcecode.c.h; path = CPTPlotRange.h; sourceTree = "<group>"; };
		CE6BCA0418431964000F4918 /* CPTPlotSpace.h */ = {isa = PBXFileReference; fileEncoding = 4; lastKnownFileType = sourcecode.c.h; path = CPTPlotSpace.h; sourceTree = "<group>"; };
		CE6BCA0518431964000F4918 /* CPTPlotSpaceAnnotation.h */ = {isa = PBXFileReference; fileEncoding = 4; lastKnownFileType = sourcecode.c.h; path = CPTPlotSpaceAnnotation.h; sourceTree = "<group>"; };
		CE6BCA0618431964000F4918 /* CPTPlotSymbol.h */ = {isa = PBXFileReference; fileEncoding = 4; lastKnownFileType = sourcecode.c.h; path = CPTPlotSymbol.h; sourceTree = "<group>"; };
		CE6BCA0718431964000F4918 /* CPTRangePlot.h */ = {isa = PBXFileReference; fileEncoding = 4; lastKnownFileType = sourcecode.c.h; path = CPTRangePlot.h; sourceTree = "<group>"; };
		CE6BCA0818431964000F4918 /* CPTResponder.h */ = {isa = PBXFileReference; fileEncoding = 4; lastKnownFileType = sourcecode.c.h; path = CPTResponder.h; sourceTree = "<group>"; };
		CE6BCA0918431964000F4918 /* CPTScatterPlot.h */ = {isa = PBXFileReference; fileEncoding = 4; lastKnownFileType = sourcecode.c.h; path = CPTScatterPlot.h; sourceTree = "<group>"; };
		CE6BCA0A18431964000F4918 /* CPTShadow.h */ = {isa = PBXFileReference; fileEncoding = 4; lastKnownFileType = sourcecode.c.h; path = CPTShadow.h; sourceTree = "<group>"; };
		CE6BCA0B18431964000F4918 /* CPTTestCase.h */ = {isa = PBXFileReference; fileEncoding = 4; lastKnownFileType = sourcecode.c.h; path = CPTTestCase.h; sourceTree = "<group>"; };
		CE6BCA0C18431964000F4918 /* CPTTextLayer.h */ = {isa = PBXFileReference; fileEncoding = 4; lastKnownFileType = sourcecode.c.h; path = CPTTextLayer.h; sourceTree = "<group>"; };
		CE6BCA0D18431964000F4918 /* CPTTextStyle.h */ = {isa = PBXFileReference; fileEncoding = 4; lastKnownFileType = sourcecode.c.h; path = CPTTextStyle.h; sourceTree = "<group>"; };
		CE6BCA0E18431964000F4918 /* CPTTextStylePlatformSpecific.h */ = {isa = PBXFileReference; fileEncoding = 4; lastKnownFileType = sourcecode.c.h; path = CPTTextStylePlatformSpecific.h; sourceTree = "<group>"; };
		CE6BCA0F18431964000F4918 /* CPTTheme.h */ = {isa = PBXFileReference; fileEncoding = 4; lastKnownFileType = sourcecode.c.h; path = CPTTheme.h; sourceTree = "<group>"; };
		CE6BCA1018431964000F4918 /* CPTTimeFormatter.h */ = {isa = PBXFileReference; fileEncoding = 4; lastKnownFileType = sourcecode.c.h; path = CPTTimeFormatter.h; sourceTree = "<group>"; };
		CE6BCA1118431964000F4918 /* CPTTradingRangePlot.h */ = {isa = PBXFileReference; fileEncoding = 4; lastKnownFileType = sourcecode.c.h; path = CPTTradingRangePlot.h; sourceTree = "<group>"; };
		CE6BCA1218431964000F4918 /* CPTUtilities.h */ = {isa = PBXFileReference; fileEncoding = 4; lastKnownFileType = sourcecode.c.h; path = CPTUtilities.h; sourceTree = "<group>"; };
		CE6BCA1318431964000F4918 /* CPTXYAxis.h */ = {isa = PBXFileReference; fileEncoding = 4; lastKnownFileType = sourcecode.c.h; path = CPTXYAxis.h; sourceTree = "<group>"; };
		CE6BCA1418431964000F4918 /* CPTXYAxisSet.h */ = {isa = PBXFileReference; fileEncoding = 4; lastKnownFileType = sourcecode.c.h; path = CPTXYAxisSet.h; sourceTree = "<group>"; };
		CE6BCA1518431964000F4918 /* CPTXYGraph.h */ = {isa = PBXFileReference; fileEncoding = 4; lastKnownFileType = sourcecode.c.h; path = CPTXYGraph.h; sourceTree = "<group>"; };
		CE6BCA1618431964000F4918 /* CPTXYPlotSpace.h */ = {isa = PBXFileReference; fileEncoding = 4; lastKnownFileType = sourcecode.c.h; path = CPTXYPlotSpace.h; sourceTree = "<group>"; };
		CE6BCA1718431964000F4918 /* mainpage.h */ = {isa = PBXFileReference; fileEncoding = 4; lastKnownFileType = sourcecode.c.h; path = mainpage.h; sourceTree = "<group>"; };
		CE6BCA1818431964000F4918 /* NSCoderExtensions.h */ = {isa = PBXFileReference; fileEncoding = 4; lastKnownFileType = sourcecode.c.h; path = NSCoderExtensions.h; sourceTree = "<group>"; };
		CE6BCA1918431964000F4918 /* NSDecimalNumberExtensions.h */ = {isa = PBXFileReference; fileEncoding = 4; lastKnownFileType = sourcecode.c.h; path = NSDecimalNumberExtensions.h; sourceTree = "<group>"; };
		CE6BCA1A18431964000F4918 /* NSNumberExtensions.h */ = {isa = PBXFileReference; fileEncoding = 4; lastKnownFileType = sourcecode.c.h; path = NSNumberExtensions.h; sourceTree = "<group>"; };
		CE6BCA1B18431964000F4918 /* libCorePlot-CocoaTouch.a */ = {isa = PBXFileReference; lastKnownFileType = archive.ar; path = "libCorePlot-CocoaTouch.a"; sourceTree = "<group>"; };
		CE79C801184962D10040B670 /* SYHMealsGraphViewController.h */ = {isa = PBXFileReference; fileEncoding = 4; lastKnownFileType = sourcecode.c.h; path = SYHMealsGraphViewController.h; sourceTree = "<group>"; };
		CE79C802184962D10040B670 /* SYHMealsGraphViewController.m */ = {isa = PBXFileReference; fileEncoding = 4; lastKnownFileType = sourcecode.c.objc; path = SYHMealsGraphViewController.m; sourceTree = "<group>"; };
		CE9EA0D61831C606004177BE /* SYHNewMealController.h */ = {isa = PBXFileReference; fileEncoding = 4; lastKnownFileType = sourcecode.c.h; path = SYHNewMealController.h; sourceTree = "<group>"; };
		CE9EA0D71831C606004177BE /* SYHNewMealController.m */ = {isa = PBXFileReference; fileEncoding = 4; lastKnownFileType = sourcecode.c.objc; path = SYHNewMealController.m; sourceTree = "<group>"; };
		CE9EA0D91831C9F8004177BE /* SYHMealObject.h */ = {isa = PBXFileReference; fileEncoding = 4; lastKnownFileType = sourcecode.c.h; path = SYHMealObject.h; sourceTree = "<group>"; };
		CE9EA0DA1831C9F8004177BE /* SYHMealObject.m */ = {isa = PBXFileReference; fileEncoding = 4; lastKnownFileType = sourcecode.c.objc; path = SYHMealObject.m; sourceTree = "<group>"; };
		CE9EA0DC1831D2DD004177BE /* SYHDataManager.h */ = {isa = PBXFileReference; fileEncoding = 4; lastKnownFileType = sourcecode.c.h; path = SYHDataManager.h; sourceTree = "<group>"; };
		CE9EA0DD1831D2DD004177BE /* SYHDataManager.m */ = {isa = PBXFileReference; fileEncoding = 4; lastKnownFileType = sourcecode.c.objc; path = SYHDataManager.m; sourceTree = "<group>"; };
		CE9EA0DF1831D5A6004177BE /* CoreData.framework */ = {isa = PBXFileReference; lastKnownFileType = wrapper.framework; name = CoreData.framework; path = System/Library/Frameworks/CoreData.framework; sourceTree = SDKROOT; };
/* End PBXFileReference section */

/* Begin PBXFrameworksBuildPhase section */
		1B0151C81831BDA900CF9F08 /* Frameworks */ = {
			isa = PBXFrameworksBuildPhase;
			buildActionMask = 2147483647;
			files = (
				CE6BC4F8184318D0000F4918 /* Accelerate.framework in Frameworks */,
				CE6BC45318431567000F4918 /* QuartzCore.framework in Frameworks */,
				CE9EA0E01831D5A6004177BE /* CoreData.framework in Frameworks */,
				1B0151D11831BDA900CF9F08 /* CoreGraphics.framework in Frameworks */,
				1B0151D31831BDA900CF9F08 /* UIKit.framework in Frameworks */,
				1B0151CF1831BDA900CF9F08 /* Foundation.framework in Frameworks */,
				CE6BCA1C18431964000F4918 /* libCorePlot-CocoaTouch.a in Frameworks */,
			);
			runOnlyForDeploymentPostprocessing = 0;
		};
		1B0151EC1831BDAA00CF9F08 /* Frameworks */ = {
			isa = PBXFrameworksBuildPhase;
			buildActionMask = 2147483647;
			files = (
				1B0151F11831BDAA00CF9F08 /* XCTest.framework in Frameworks */,
				1B0151F31831BDAA00CF9F08 /* UIKit.framework in Frameworks */,
				1B0151F21831BDAA00CF9F08 /* Foundation.framework in Frameworks */,
			);
			runOnlyForDeploymentPostprocessing = 0;
		};
/* End PBXFrameworksBuildPhase section */

/* Begin PBXGroup section */
		1B0151C21831BDA900CF9F08 = {
			isa = PBXGroup;
			children = (
				CE6BC9CC18431964000F4918 /* CorePlotHeaders */,
				CE6BCA1B18431964000F4918 /* libCorePlot-CocoaTouch.a */,
				1B0151D41831BDA900CF9F08 /* HealthTracker */,
				1B0151F61831BDAA00CF9F08 /* HealthTrackerTests */,
				1B0151CD1831BDA900CF9F08 /* Frameworks */,
				1B0151CC1831BDA900CF9F08 /* Products */,
			);
			sourceTree = "<group>";
		};
		1B0151CC1831BDA900CF9F08 /* Products */ = {
			isa = PBXGroup;
			children = (
				1B0151CB1831BDA900CF9F08 /* HealthTracker.app */,
				1B0151EF1831BDAA00CF9F08 /* HealthTrackerTests.xctest */,
			);
			name = Products;
			sourceTree = "<group>";
		};
		1B0151CD1831BDA900CF9F08 /* Frameworks */ = {
			isa = PBXGroup;
			children = (
				CE6BC4F7184318D0000F4918 /* Accelerate.framework */,
				CE6BC45218431567000F4918 /* QuartzCore.framework */,
				CE6BC45018431433000F4918 /* libCorePlot-CocoaTouch.a */,
				CE9EA0DF1831D5A6004177BE /* CoreData.framework */,
				1B0151CE1831BDA900CF9F08 /* Foundation.framework */,
				1B0151D01831BDA900CF9F08 /* CoreGraphics.framework */,
				1B0151D21831BDA900CF9F08 /* UIKit.framework */,
				1B0151F01831BDAA00CF9F08 /* XCTest.framework */,
			);
			name = Frameworks;
			sourceTree = "<group>";
		};
		1B0151D41831BDA900CF9F08 /* HealthTracker */ = {
			isa = PBXGroup;
			children = (
				CE4996BE183B216A0011CB6A /* MealModel.xcdatamodeld */,
				CE4F1139185BB58F00E08D01 /* SleepModel.xcdatamodeld */,
				CE6BC4251842FD64000F4918 /* Meals.h */,
				CE6BC4261842FD64000F4918 /* Meals.m */,
				CE4F113C185BB5BB00E08D01 /* Sleeps.h */,
				CE4F113D185BB5BB00E08D01 /* Sleeps.m */,
				1B0151DD1831BDA900CF9F08 /* SYHAppDelegate.h */,
				1B0151DE1831BDA900CF9F08 /* SYHAppDelegate.m */,
				CE4996BA183B1A320011CB6A /* SYHMealType.h */,
				CE9EA0D91831C9F8004177BE /* SYHMealObject.h */,
				CE9EA0DA1831C9F8004177BE /* SYHMealObject.m */,
				CE4F1136185BB49A00E08D01 /* SYHSleepObject.h */,
				CE4F1137185BB49A00E08D01 /* SYHSleepObject.m */,
				CE9EA0DC1831D2DD004177BE /* SYHDataManager.h */,
				CE9EA0DD1831D2DD004177BE /* SYHDataManager.m */,
				1B0151E31831BDA900CF9F08 /* SYHMealsViewController.h */,
				1B0151E41831BDA900CF9F08 /* SYHMealsViewController.m */,
				CE9EA0D61831C606004177BE /* SYHNewMealController.h */,
				CE9EA0D71831C606004177BE /* SYHNewMealController.m */,
				CE4996C7183B32500011CB6A /* SYHMealsTableViewController.h */,
				CE4996C8183B32500011CB6A /* SYHMealsTableViewController.m */,
				CE79C801184962D10040B670 /* SYHMealsGraphViewController.h */,
				CE79C802184962D10040B670 /* SYHMealsGraphViewController.m */,
				CE4F1130185BA8EE00E08D01 /* SYHSleepManager.h */,
				CE4F1131185BA8EE00E08D01 /* SYHSleepManager.m */,
				CE4F112D185BA75E00E08D01 /* SYHSleepViewController.h */,
				CE4F112E185BA75F00E08D01 /* SYHSleepViewController.m */,
				CE4F1133185BB1A700E08D01 /* SYHSleepTableViewController.h */,
				CE4F1134185BB1A700E08D01 /* SYHSleepTableViewController.m */,
				1B0151E01831BDA900CF9F08 /* Main.storyboard */,
				1B0151E91831BDAA00CF9F08 /* Images.xcassets */,
				1B0151D51831BDA900CF9F08 /* Supporting Files */,
			);
			path = HealthTracker;
			sourceTree = "<group>";
		};
		1B0151D51831BDA900CF9F08 /* Supporting Files */ = {
			isa = PBXGroup;
			children = (
				1B0151D61831BDA900CF9F08 /* HealthTracker-Info.plist */,
				1B0151D71831BDA900CF9F08 /* InfoPlist.strings */,
				1B0151DA1831BDA900CF9F08 /* main.m */,
				1B0151DC1831BDA900CF9F08 /* HealthTracker-Prefix.pch */,
			);
			name = "Supporting Files";
			sourceTree = "<group>";
		};
		1B0151F61831BDAA00CF9F08 /* HealthTrackerTests */ = {
			isa = PBXGroup;
			children = (
				1B0151FC1831BDAA00CF9F08 /* HealthTrackerTests.m */,
				1B0151F71831BDAA00CF9F08 /* Supporting Files */,
			);
			path = HealthTrackerTests;
			sourceTree = "<group>";
		};
		1B0151F71831BDAA00CF9F08 /* Supporting Files */ = {
			isa = PBXGroup;
			children = (
				1B0151F81831BDAA00CF9F08 /* HealthTrackerTests-Info.plist */,
				1B0151F91831BDAA00CF9F08 /* InfoPlist.strings */,
			);
			name = "Supporting Files";
			sourceTree = "<group>";
		};
		CE6BC9CC18431964000F4918 /* CorePlotHeaders */ = {
			isa = PBXGroup;
			children = (
				CE6BC9CD18431964000F4918 /* CorePlot-CocoaTouch.h */,
				CE6BC9CE18431964000F4918 /* CPTAnimation.h */,
				CE6BC9CF18431964000F4918 /* CPTAnimationOperation.h */,
				CE6BC9D018431964000F4918 /* CPTAnimationPeriod.h */,
				CE6BC9D118431964000F4918 /* CPTAnnotation.h */,
				CE6BC9D218431964000F4918 /* CPTAnnotationHostLayer.h */,
				CE6BC9D318431964000F4918 /* CPTAxis.h */,
				CE6BC9D418431964000F4918 /* CPTAxisLabel.h */,
				CE6BC9D518431964000F4918 /* CPTAxisLabelGroup.h */,
				CE6BC9D618431964000F4918 /* CPTAxisSet.h */,
				CE6BC9D718431964000F4918 /* CPTAxisTitle.h */,
				CE6BC9D818431964000F4918 /* CPTBarPlot.h */,
				CE6BC9D918431964000F4918 /* CPTBorderedLayer.h */,
				CE6BC9DA18431964000F4918 /* CPTCalendarFormatter.h */,
				CE6BC9DB18431964000F4918 /* CPTColor.h */,
				CE6BC9DC18431964000F4918 /* CPTColorSpace.h */,
				CE6BC9DD18431964000F4918 /* CPTConstraints.h */,
				CE6BC9DE18431964000F4918 /* CPTDataSourceTestCase.h */,
				CE6BC9DF18431964000F4918 /* CPTDefinitions.h */,
				CE6BC9E018431964000F4918 /* CPTDerivedXYGraph.h */,
				CE6BC9E118431964000F4918 /* CPTExceptions.h */,
				CE6BC9E218431964000F4918 /* CPTFill.h */,
				CE6BC9E318431964000F4918 /* CPTFunctionDataSource.h */,
				CE6BC9E418431964000F4918 /* CPTGradient.h */,
				CE6BC9E518431964000F4918 /* CPTGraph.h */,
				CE6BC9E618431964000F4918 /* CPTGraphHostingView.h */,
				CE6BC9E718431964000F4918 /* CPTGridLineGroup.h */,
				CE6BC9E818431964000F4918 /* CPTGridLines.h */,
				CE6BC9E918431964000F4918 /* CPTImage.h */,
				CE6BC9EA18431964000F4918 /* CPTLayer.h */,
				CE6BC9EB18431964000F4918 /* CPTLayerAnnotation.h */,
				CE6BC9EC18431964000F4918 /* CPTLegend.h */,
				CE6BC9ED18431964000F4918 /* CPTLegendEntry.h */,
				CE6BC9EE18431964000F4918 /* CPTLimitBand.h */,
				CE6BC9EF18431964000F4918 /* CPTLineCap.h */,
				CE6BC9F018431964000F4918 /* CPTLineStyle.h */,
				CE6BC9F118431964000F4918 /* CPTMutableLineStyle.h */,
				CE6BC9F218431964000F4918 /* CPTMutableNumericData+TypeConversion.h */,
				CE6BC9F318431964000F4918 /* CPTMutableNumericData.h */,
				CE6BC9F418431964000F4918 /* CPTMutablePlotRange.h */,
				CE6BC9F518431964000F4918 /* CPTMutableShadow.h */,
				CE6BC9F618431964000F4918 /* CPTMutableTextStyle.h */,
				CE6BC9F718431964000F4918 /* CPTNumericData+TypeConversion.h */,
				CE6BC9F818431964000F4918 /* CPTNumericData.h */,
				CE6BC9F918431964000F4918 /* CPTNumericDataType.h */,
				CE6BC9FA18431964000F4918 /* CPTPathExtensions.h */,
				CE6BC9FB18431964000F4918 /* CPTPieChart.h */,
				CE6BC9FC18431964000F4918 /* CPTPlatformSpecificCategories.h */,
				CE6BC9FD18431964000F4918 /* CPTPlatformSpecificDefines.h */,
				CE6BC9FE18431964000F4918 /* CPTPlatformSpecificFunctions.h */,
				CE6BC9FF18431964000F4918 /* CPTPlot.h */,
				CE6BCA0018431964000F4918 /* CPTPlotArea.h */,
				CE6BCA0118431964000F4918 /* CPTPlotAreaFrame.h */,
				CE6BCA0218431964000F4918 /* CPTPlotGroup.h */,
				CE6BCA0318431964000F4918 /* CPTPlotRange.h */,
				CE6BCA0418431964000F4918 /* CPTPlotSpace.h */,
				CE6BCA0518431964000F4918 /* CPTPlotSpaceAnnotation.h */,
				CE6BCA0618431964000F4918 /* CPTPlotSymbol.h */,
				CE6BCA0718431964000F4918 /* CPTRangePlot.h */,
				CE6BCA0818431964000F4918 /* CPTResponder.h */,
				CE6BCA0918431964000F4918 /* CPTScatterPlot.h */,
				CE6BCA0A18431964000F4918 /* CPTShadow.h */,
				CE6BCA0B18431964000F4918 /* CPTTestCase.h */,
				CE6BCA0C18431964000F4918 /* CPTTextLayer.h */,
				CE6BCA0D18431964000F4918 /* CPTTextStyle.h */,
				CE6BCA0E18431964000F4918 /* CPTTextStylePlatformSpecific.h */,
				CE6BCA0F18431964000F4918 /* CPTTheme.h */,
				CE6BCA1018431964000F4918 /* CPTTimeFormatter.h */,
				CE6BCA1118431964000F4918 /* CPTTradingRangePlot.h */,
				CE6BCA1218431964000F4918 /* CPTUtilities.h */,
				CE6BCA1318431964000F4918 /* CPTXYAxis.h */,
				CE6BCA1418431964000F4918 /* CPTXYAxisSet.h */,
				CE6BCA1518431964000F4918 /* CPTXYGraph.h */,
				CE6BCA1618431964000F4918 /* CPTXYPlotSpace.h */,
				CE6BCA1718431964000F4918 /* mainpage.h */,
				CE6BCA1818431964000F4918 /* NSCoderExtensions.h */,
				CE6BCA1918431964000F4918 /* NSDecimalNumberExtensions.h */,
				CE6BCA1A18431964000F4918 /* NSNumberExtensions.h */,
			);
			path = CorePlotHeaders;
			sourceTree = "<group>";
		};
/* End PBXGroup section */

/* Begin PBXNativeTarget section */
		1B0151CA1831BDA900CF9F08 /* HealthTracker */ = {
			isa = PBXNativeTarget;
			buildConfigurationList = 1B0152001831BDAA00CF9F08 /* Build configuration list for PBXNativeTarget "HealthTracker" */;
			buildPhases = (
				1B0151C71831BDA900CF9F08 /* Sources */,
				1B0151C81831BDA900CF9F08 /* Frameworks */,
				1B0151C91831BDA900CF9F08 /* Resources */,
			);
			buildRules = (
			);
			dependencies = (
			);
			name = HealthTracker;
			productName = HealthTracker;
			productReference = 1B0151CB1831BDA900CF9F08 /* HealthTracker.app */;
			productType = "com.apple.product-type.application";
		};
		1B0151EE1831BDAA00CF9F08 /* HealthTrackerTests */ = {
			isa = PBXNativeTarget;
			buildConfigurationList = 1B0152031831BDAA00CF9F08 /* Build configuration list for PBXNativeTarget "HealthTrackerTests" */;
			buildPhases = (
				1B0151EB1831BDAA00CF9F08 /* Sources */,
				1B0151EC1831BDAA00CF9F08 /* Frameworks */,
				1B0151ED1831BDAA00CF9F08 /* Resources */,
			);
			buildRules = (
			);
			dependencies = (
				1B0151F51831BDAA00CF9F08 /* PBXTargetDependency */,
			);
			name = HealthTrackerTests;
			productName = HealthTrackerTests;
			productReference = 1B0151EF1831BDAA00CF9F08 /* HealthTrackerTests.xctest */;
			productType = "com.apple.product-type.bundle.unit-test";
		};
/* End PBXNativeTarget section */

/* Begin PBXProject section */
		1B0151C31831BDA900CF9F08 /* Project object */ = {
			isa = PBXProject;
			attributes = {
				CLASSPREFIX = SYH;
				LastUpgradeCheck = 0500;
				ORGANIZATIONNAME = "Stephanie Hsu";
				TargetAttributes = {
					1B0151EE1831BDAA00CF9F08 = {
						TestTargetID = 1B0151CA1831BDA900CF9F08;
					};
				};
			};
			buildConfigurationList = 1B0151C61831BDA900CF9F08 /* Build configuration list for PBXProject "HealthTracker" */;
			compatibilityVersion = "Xcode 3.2";
			developmentRegion = English;
			hasScannedForEncodings = 0;
			knownRegions = (
				en,
				Base,
				English,
			);
			mainGroup = 1B0151C21831BDA900CF9F08;
			productRefGroup = 1B0151CC1831BDA900CF9F08 /* Products */;
			projectDirPath = "";
			projectRoot = "";
			targets = (
				1B0151CA1831BDA900CF9F08 /* HealthTracker */,
				1B0151EE1831BDAA00CF9F08 /* HealthTrackerTests */,
			);
		};
/* End PBXProject section */

/* Begin PBXResourcesBuildPhase section */
		1B0151C91831BDA900CF9F08 /* Resources */ = {
			isa = PBXResourcesBuildPhase;
			buildActionMask = 2147483647;
			files = (
				1B0151EA1831BDAA00CF9F08 /* Images.xcassets in Resources */,
				1B0151D91831BDA900CF9F08 /* InfoPlist.strings in Resources */,
				1B0151E21831BDA900CF9F08 /* Main.storyboard in Resources */,
			);
			runOnlyForDeploymentPostprocessing = 0;
		};
		1B0151ED1831BDAA00CF9F08 /* Resources */ = {
			isa = PBXResourcesBuildPhase;
			buildActionMask = 2147483647;
			files = (
				1B0151FB1831BDAA00CF9F08 /* InfoPlist.strings in Resources */,
			);
			runOnlyForDeploymentPostprocessing = 0;
		};
/* End PBXResourcesBuildPhase section */

/* Begin PBXSourcesBuildPhase section */
		1B0151C71831BDA900CF9F08 /* Sources */ = {
			isa = PBXSourcesBuildPhase;
			buildActionMask = 2147483647;
			files = (
				CE4F1132185BA8EE00E08D01 /* SYHSleepManager.m in Sources */,
				CE79C803184962D10040B670 /* SYHMealsGraphViewController.m in Sources */,
				1B0151DB1831BDA900CF9F08 /* main.m in Sources */,
				CE4F1138185BB49A00E08D01 /* SYHSleepObject.m in Sources */,
				1B0151E51831BDA900CF9F08 /* SYHMealsViewController.m in Sources */,
				CE4F1135185BB1A700E08D01 /* SYHSleepTableViewController.m in Sources */,
				CE9EA0D81831C606004177BE /* SYHNewMealController.m in Sources */,
				CE4996C9183B32500011CB6A /* SYHMealsTableViewController.m in Sources */,
				CE9EA0DE1831D2DD004177BE /* SYHDataManager.m in Sources */,
				1B0151DF1831BDA900CF9F08 /* SYHAppDelegate.m in Sources */,
				CE4F112F185BA75F00E08D01 /* SYHSleepViewController.m in Sources */,
				CE4F113B185BB58F00E08D01 /* SleepModel.xcdatamodeld in Sources */,
				CE9EA0DB1831C9F8004177BE /* SYHMealObject.m in Sources */,
				CE4996C0183B216A0011CB6A /* MealModel.xcdatamodeld in Sources */,
				CE6BC4271842FD64000F4918 /* Meals.m in Sources */,
				CE4F113E185BB5BB00E08D01 /* Sleeps.m in Sources */,
			);
			runOnlyForDeploymentPostprocessing = 0;
		};
		1B0151EB1831BDAA00CF9F08 /* Sources */ = {
			isa = PBXSourcesBuildPhase;
			buildActionMask = 2147483647;
			files = (
				1B0151FD1831BDAA00CF9F08 /* HealthTrackerTests.m in Sources */,
			);
			runOnlyForDeploymentPostprocessing = 0;
		};
/* End PBXSourcesBuildPhase section */

/* Begin PBXTargetDependency section */
		1B0151F51831BDAA00CF9F08 /* PBXTargetDependency */ = {
			isa = PBXTargetDependency;
			target = 1B0151CA1831BDA900CF9F08 /* HealthTracker */;
			targetProxy = 1B0151F41831BDAA00CF9F08 /* PBXContainerItemProxy */;
		};
/* End PBXTargetDependency section */

/* Begin PBXVariantGroup section */
		1B0151D71831BDA900CF9F08 /* InfoPlist.strings */ = {
			isa = PBXVariantGroup;
			children = (
				1B0151D81831BDA900CF9F08 /* en */,
			);
			name = InfoPlist.strings;
			sourceTree = "<group>";
		};
		1B0151E01831BDA900CF9F08 /* Main.storyboard */ = {
			isa = PBXVariantGroup;
			children = (
				1B0151E11831BDA900CF9F08 /* Base */,
			);
			name = Main.storyboard;
			sourceTree = "<group>";
		};
		1B0151F91831BDAA00CF9F08 /* InfoPlist.strings */ = {
			isa = PBXVariantGroup;
			children = (
				1B0151FA1831BDAA00CF9F08 /* en */,
			);
			name = InfoPlist.strings;
			sourceTree = "<group>";
		};
/* End PBXVariantGroup section */

/* Begin XCBuildConfiguration section */
		1B0151FE1831BDAA00CF9F08 /* Debug */ = {
			isa = XCBuildConfiguration;
			buildSettings = {
				ALWAYS_SEARCH_USER_PATHS = NO;
				CLANG_CXX_LANGUAGE_STANDARD = "gnu++0x";
				CLANG_CXX_LIBRARY = "libc++";
				CLANG_ENABLE_MODULES = YES;
				CLANG_ENABLE_OBJC_ARC = YES;
				CLANG_WARN_BOOL_CONVERSION = YES;
				CLANG_WARN_CONSTANT_CONVERSION = YES;
				CLANG_WARN_DIRECT_OBJC_ISA_USAGE = YES_ERROR;
				CLANG_WARN_EMPTY_BODY = YES;
				CLANG_WARN_ENUM_CONVERSION = YES;
				CLANG_WARN_INT_CONVERSION = YES;
				CLANG_WARN_OBJC_ROOT_CLASS = YES_ERROR;
				CLANG_WARN__DUPLICATE_METHOD_MATCH = YES;
				"CODE_SIGN_IDENTITY[sdk=iphoneos*]" = "iPhone Developer";
				COPY_PHASE_STRIP = NO;
				GCC_C_LANGUAGE_STANDARD = gnu99;
				GCC_DYNAMIC_NO_PIC = NO;
				GCC_OPTIMIZATION_LEVEL = 0;
				GCC_PREPROCESSOR_DEFINITIONS = (
					"DEBUG=1",
					"$(inherited)",
				);
				GCC_SYMBOLS_PRIVATE_EXTERN = NO;
				GCC_WARN_ABOUT_RETURN_TYPE = YES_ERROR;
				GCC_WARN_UNDECLARED_SELECTOR = YES;
				GCC_WARN_UNINITIALIZED_AUTOS = YES;
				GCC_WARN_UNUSED_FUNCTION = YES;
				GCC_WARN_UNUSED_VARIABLE = YES;
				IPHONEOS_DEPLOYMENT_TARGET = 7.0;
				ONLY_ACTIVE_ARCH = YES;
				SDKROOT = iphoneos;
			};
			name = Debug;
		};
		1B0151FF1831BDAA00CF9F08 /* Release */ = {
			isa = XCBuildConfiguration;
			buildSettings = {
				ALWAYS_SEARCH_USER_PATHS = NO;
				CLANG_CXX_LANGUAGE_STANDARD = "gnu++0x";
				CLANG_CXX_LIBRARY = "libc++";
				CLANG_ENABLE_MODULES = YES;
				CLANG_ENABLE_OBJC_ARC = YES;
				CLANG_WARN_BOOL_CONVERSION = YES;
				CLANG_WARN_CONSTANT_CONVERSION = YES;
				CLANG_WARN_DIRECT_OBJC_ISA_USAGE = YES_ERROR;
				CLANG_WARN_EMPTY_BODY = YES;
				CLANG_WARN_ENUM_CONVERSION = YES;
				CLANG_WARN_INT_CONVERSION = YES;
				CLANG_WARN_OBJC_ROOT_CLASS = YES_ERROR;
				CLANG_WARN__DUPLICATE_METHOD_MATCH = YES;
				"CODE_SIGN_IDENTITY[sdk=iphoneos*]" = "iPhone Developer";
				COPY_PHASE_STRIP = YES;
				ENABLE_NS_ASSERTIONS = NO;
				GCC_C_LANGUAGE_STANDARD = gnu99;
				GCC_WARN_ABOUT_RETURN_TYPE = YES_ERROR;
				GCC_WARN_UNDECLARED_SELECTOR = YES;
				GCC_WARN_UNINITIALIZED_AUTOS = YES;
				GCC_WARN_UNUSED_FUNCTION = YES;
				GCC_WARN_UNUSED_VARIABLE = YES;
				IPHONEOS_DEPLOYMENT_TARGET = 7.0;
				SDKROOT = iphoneos;
				VALIDATE_PRODUCT = YES;
			};
			name = Release;
		};
		1B0152011831BDAA00CF9F08 /* Debug */ = {
			isa = XCBuildConfiguration;
			buildSettings = {
				ASSETCATALOG_COMPILER_APPICON_NAME = AppIcon;
				ASSETCATALOG_COMPILER_LAUNCHIMAGE_NAME = LaunchImage;
				FRAMEWORK_SEARCH_PATHS = (
					"$(inherited)",
					/Users/user/Downloads/CorePlot_1.4/Binaries/MacOS,
				);
				GCC_PRECOMPILE_PREFIX_HEADER = YES;
				GCC_PREFIX_HEADER = "HealthTracker/HealthTracker-Prefix.pch";
				GCC_VERSION = "";
				HEADER_SEARCH_PATHS = "";
				INFOPLIST_FILE = "HealthTracker/HealthTracker-Info.plist";
				LIBRARY_SEARCH_PATHS = (
					"$(inherited)",
					/Users/user/Downloads/CorePlot_1.4/Binaries/iOS,
					/Users/user/CIS195/HealthTracker,
				);
				OTHER_LDFLAGS = "-ObjC";
				PRODUCT_NAME = "$(TARGET_NAME)";
				WRAPPER_EXTENSION = app;
			};
			name = Debug;
		};
		1B0152021831BDAA00CF9F08 /* Release */ = {
			isa = XCBuildConfiguration;
			buildSettings = {
				ASSETCATALOG_COMPILER_APPICON_NAME = AppIcon;
				ASSETCATALOG_COMPILER_LAUNCHIMAGE_NAME = LaunchImage;
				FRAMEWORK_SEARCH_PATHS = (
					"$(inherited)",
					/Users/user/Downloads/CorePlot_1.4/Binaries/MacOS,
				);
				GCC_PRECOMPILE_PREFIX_HEADER = YES;
				GCC_PREFIX_HEADER = "HealthTracker/HealthTracker-Prefix.pch";
				GCC_VERSION = "";
				HEADER_SEARCH_PATHS = "";
				INFOPLIST_FILE = "HealthTracker/HealthTracker-Info.plist";
				LIBRARY_SEARCH_PATHS = (
					"$(inherited)",
					/Users/user/Downloads/CorePlot_1.4/Binaries/iOS,
					/Users/user/CIS195/HealthTracker,
				);
				OTHER_LDFLAGS = "-ObjC";
				PRODUCT_NAME = "$(TARGET_NAME)";
				WRAPPER_EXTENSION = app;
			};
			name = Release;
		};
		1B0152041831BDAA00CF9F08 /* Debug */ = {
			isa = XCBuildConfiguration;
			buildSettings = {
				BUNDLE_LOADER = "$(BUILT_PRODUCTS_DIR)/HealthTracker.app/HealthTracker";
				FRAMEWORK_SEARCH_PATHS = (
					"$(SDKROOT)/Developer/Library/Frameworks",
					"$(inherited)",
					"$(SYSTEM_APPS_DIR)/Xcode5-DP.app/Contents/Developer/Library/Frameworks",
				);
				GCC_PRECOMPILE_PREFIX_HEADER = YES;
				GCC_PREFIX_HEADER = "HealthTracker/HealthTracker-Prefix.pch";
				GCC_PREPROCESSOR_DEFINITIONS = (
					"DEBUG=1",
					"$(inherited)",
				);
				INFOPLIST_FILE = "HealthTrackerTests/HealthTrackerTests-Info.plist";
				PRODUCT_NAME = "$(TARGET_NAME)";
				TEST_HOST = "$(BUNDLE_LOADER)";
				WRAPPER_EXTENSION = xctest;
			};
			name = Debug;
		};
		1B0152051831BDAA00CF9F08 /* Release */ = {
			isa = XCBuildConfiguration;
			buildSettings = {
				BUNDLE_LOADER = "$(BUILT_PRODUCTS_DIR)/HealthTracker.app/HealthTracker";
				FRAMEWORK_SEARCH_PATHS = (
					"$(SDKROOT)/Developer/Library/Frameworks",
					"$(inherited)",
					"$(SYSTEM_APPS_DIR)/Xcode5-DP.app/Contents/Developer/Library/Frameworks",
				);
				GCC_PRECOMPILE_PREFIX_HEADER = YES;
				GCC_PREFIX_HEADER = "HealthTracker/HealthTracker-Prefix.pch";
				INFOPLIST_FILE = "HealthTrackerTests/HealthTrackerTests-Info.plist";
				PRODUCT_NAME = "$(TARGET_NAME)";
				TEST_HOST = "$(BUNDLE_LOADER)";
				WRAPPER_EXTENSION = xctest;
			};
			name = Release;
		};
/* End XCBuildConfiguration section */

/* Begin XCConfigurationList section */
		1B0151C61831BDA900CF9F08 /* Build configuration list for PBXProject "HealthTracker" */ = {
			isa = XCConfigurationList;
			buildConfigurations = (
				1B0151FE1831BDAA00CF9F08 /* Debug */,
				1B0151FF1831BDAA00CF9F08 /* Release */,
			);
			defaultConfigurationIsVisible = 0;
			defaultConfigurationName = Release;
		};
		1B0152001831BDAA00CF9F08 /* Build configuration list for PBXNativeTarget "HealthTracker" */ = {
			isa = XCConfigurationList;
			buildConfigurations = (
				1B0152011831BDAA00CF9F08 /* Debug */,
				1B0152021831BDAA00CF9F08 /* Release */,
			);
			defaultConfigurationIsVisible = 0;
			defaultConfigurationName = Release;
		};
		1B0152031831BDAA00CF9F08 /* Build configuration list for PBXNativeTarget "HealthTrackerTests" */ = {
			isa = XCConfigurationList;
			buildConfigurations = (
				1B0152041831BDAA00CF9F08 /* Debug */,
				1B0152051831BDAA00CF9F08 /* Release */,
			);
			defaultConfigurationIsVisible = 0;
			defaultConfigurationName = Release;
		};
/* End XCConfigurationList section */

/* Begin XCVersionGroup section */
		CE4996BE183B216A0011CB6A /* MealModel.xcdatamodeld */ = {
			isa = XCVersionGroup;
			children = (
				CE4996BF183B216A0011CB6A /* MealModel.xcdatamodel */,
			);
			currentVersion = CE4996BF183B216A0011CB6A /* MealModel.xcdatamodel */;
			name = MealModel.xcdatamodeld;
			path = ../MealModel.xcdatamodeld;
			sourceTree = "<group>";
			versionGroupType = wrapper.xcdatamodel;
		};
		CE4F1139185BB58F00E08D01 /* SleepModel.xcdatamodeld */ = {
			isa = XCVersionGroup;
			children = (
				CE4F113A185BB58F00E08D01 /* SleepModel.xcdatamodel */,
			);
			currentVersion = CE4F113A185BB58F00E08D01 /* SleepModel.xcdatamodel */;
			path = SleepModel.xcdatamodeld;
			sourceTree = "<group>";
			versionGroupType = wrapper.xcdatamodel;
		};
/* End XCVersionGroup section */
	};
	rootObject = 1B0151C31831BDA900CF9F08 /* Project object */;
}
